
Microsoft Visual Studio Solution File, Format Version 12.00
# Visual Studio Version 16
VisualStudioVersion = 16.0.31624.102
MinimumVisualStudioVersion = 10.0.40219.1
Project("{FAE04EC0-301F-11D3-BF4B-00C04F79EFBC}") = "lab1 library project", "lab1 project\lab1 library project.csproj", "{56B065D1-49EB-4A35-A8BB-C7AB7E8ADA07}"
EndProject
Project("{FAE04EC0-301F-11D3-BF4B-00C04F79EFBC}") = "lab1 console project", "lab1 project2\lab1 console project.csproj", "{EF862DBB-2CEC-468E-BA94-68C0B577C6DE}"
EndProject
Global
	GlobalSection(SolutionConfigurationPlatforms) = preSolution
		Debug|Any CPU = Debug|Any CPU
		Release|Any CPU = Release|Any CPU
	EndGlobalSection
	GlobalSection(ProjectConfigurationPlatforms) = postSolution
		{56B065D1-49EB-4A35-A8BB-C7AB7E8ADA07}.Debug|Any CPU.ActiveCfg = Debug|Any CPU
		{56B065D1-49EB-4A35-A8BB-C7AB7E8ADA07}.Debug|Any CPU.Build.0 = Debug|Any CPU
		{56B065D1-49EB-4A35-A8BB-C7AB7E8ADA07}.Release|Any CPU.ActiveCfg = Release|Any CPU
		{56B065D1-49EB-4A35-A8BB-C7AB7E8ADA07}.Release|Any CPU.Build.0 = Release|Any CPU
		{EF862DBB-2CEC-468E-BA94-68C0B577C6DE}.Debug|Any CPU.ActiveCfg = Debug|Any CPU
		{EF862DBB-2CEC-468E-BA94-68C0B577C6DE}.Debug|Any CPU.Build.0 = Debug|Any CPU
		{EF862DBB-2CEC-468E-BA94-68C0B577C6DE}.Release|Any CPU.ActiveCfg = Release|Any CPU
		{EF862DBB-2CEC-468E-BA94-68C0B577C6DE}.Release|Any CPU.Build.0 = Release|Any CPU
	EndGlobalSection
	GlobalSection(SolutionProperties) = preSolution
		HideSolutionNode = FALSE
	EndGlobalSection
	GlobalSection(ExtensibilityGlobals) = postSolution
		SolutionGuid = {F807D79D-13CC-4F69-9411-978D72867F29}
	EndGlobalSection
EndGlobal
