
Microsoft Visual Studio Solution File, Format Version 12.00
Project("{FAE04EC0-301F-11D3-BF4B-00C04F79EFBC}") = "CargoMissions", "CargoMissions\CargoMissions.csproj", "{5164545F-A83E-4E6B-A954-232371ED5B3A}"
EndProject
Global
	GlobalSection(SolutionConfigurationPlatforms) = preSolution
		Debug|Any CPU = Debug|Any CPU
		Release|Any CPU = Release|Any CPU
	EndGlobalSection
	GlobalSection(ProjectConfigurationPlatforms) = postSolution
		{5164545F-A83E-4E6B-A954-232371ED5B3A}.Debug|Any CPU.ActiveCfg = Debug|Any CPU
		{5164545F-A83E-4E6B-A954-232371ED5B3A}.Debug|Any CPU.Build.0 = Debug|Any CPU
		{5164545F-A83E-4E6B-A954-232371ED5B3A}.Release|Any CPU.ActiveCfg = Release|Any CPU
		{5164545F-A83E-4E6B-A954-232371ED5B3A}.Release|Any CPU.Build.0 = Release|Any CPU
	EndGlobalSection
EndGlobal
